
Microsoft Visual Studio Solution File, Format Version 12.00
# Visual Studio 2012
Project("{FAE04EC0-301F-11D3-BF4B-00C04F79EFBC}") = "UnityVS.luabind.CSharp", "UnityVS.luabind.CSharp.csproj", "{71F6E6B6-948A-11AB-0B9A-745793BE8D7F}"
EndProject
Project("{FAE04EC0-301F-11D3-BF4B-00C04F79EFBC}") = "UnityVS.luabind.CSharp.Editor", "UnityVS.luabind.CSharp.Editor.csproj", "{83F796CB-A16B-5B0E-B5D7-E8E5223B68F4}"
EndProject
Global
	GlobalSection(SolutionConfigurationPlatforms) = preSolution
		Debug|Any CPU = Debug|Any CPU
		Release|Any CPU = Release|Any CPU
	EndGlobalSection
	GlobalSection(ProjectConfigurationPlatforms) = postSolution
		{71F6E6B6-948A-11AB-0B9A-745793BE8D7F}.Debug|Any CPU.ActiveCfg = Debug|Any CPU
		{71F6E6B6-948A-11AB-0B9A-745793BE8D7F}.Debug|Any CPU.Build.0 = Debug|Any CPU
		{71F6E6B6-948A-11AB-0B9A-745793BE8D7F}.Release|Any CPU.ActiveCfg = Release|Any CPU
		{71F6E6B6-948A-11AB-0B9A-745793BE8D7F}.Release|Any CPU.Build.0 = Release|Any CPU
		{83F796CB-A16B-5B0E-B5D7-E8E5223B68F4}.Debug|Any CPU.ActiveCfg = Debug|Any CPU
		{83F796CB-A16B-5B0E-B5D7-E8E5223B68F4}.Debug|Any CPU.Build.0 = Debug|Any CPU
		{83F796CB-A16B-5B0E-B5D7-E8E5223B68F4}.Release|Any CPU.ActiveCfg = Release|Any CPU
		{83F796CB-A16B-5B0E-B5D7-E8E5223B68F4}.Release|Any CPU.Build.0 = Release|Any CPU
	EndGlobalSection
	GlobalSection(SolutionProperties) = preSolution
		HideSolutionNode = FALSE
	EndGlobalSection
EndGlobal
